
Microsoft Visual Studio Solution File, Format Version 12.00
# Visual Studio Version 17
VisualStudioVersion = 17.13.35931.197
MinimumVisualStudioVersion = 10.0.40219.1
Project("{8BC9CEB8-8B4A-11D0-8D11-00A0C91BC942}") = "ex3-1", "ex3-1\ex3-1.vcxproj", "{8ECC6162-4042-4393-9F5E-B53EBCD2027E}"
EndProject
Project("{8BC9CEB8-8B4A-11D0-8D11-00A0C91BC942}") = "ex3-2", "ex3-2\ex3-2.vcxproj", "{6A29DAAA-C882-41EF-BF93-1B2195329764}"
EndProject
Project("{8BC9CEB8-8B4A-11D0-8D11-00A0C91BC942}") = "ex3-3", "ex3-3\ex3-3.vcxproj", "{C4772AEE-D251-4E14-A94A-CBD2F19E6310}"
EndProject
Project("{8BC9CEB8-8B4A-11D0-8D11-00A0C91BC942}") = "ex3-4", "ex3-4\ex3-4.vcxproj", "{DAAACBAD-1908-4406-889D-44AA4257D51C}"
EndProject
Project("{8BC9CEB8-8B4A-11D0-8D11-00A0C91BC942}") = "ex3-5", "ex3-5\ex3-5.vcxproj", "{C82B4CB8-084E-4CF1-808D-86358B71FFBB}"
EndProject
Project("{8BC9CEB8-8B4A-11D0-8D11-00A0C91BC942}") = "ex3-6", "ex3-6\ex3-6.vcxproj", "{8FAE0108-6241-400D-843D-DC928CD98491}"
EndProject
Project("{8BC9CEB8-8B4A-11D0-8D11-00A0C91BC942}") = "ex3-7", "ex3-7\ex3-7.vcxproj", "{79C125A5-7934-4EAD-889E-E3E5DD013547}"
EndProject
Project("{8BC9CEB8-8B4A-11D0-8D11-00A0C91BC942}") = "ex3-8", "ex3-8\ex3-8.vcxproj", "{0FE88333-3827-409D-B9E1-97431E19BD0F}"
EndProject
Project("{8BC9CEB8-8B4A-11D0-8D11-00A0C91BC942}") = "Tower", "Tower\Tower.vcxproj", "{8EA92623-1D8B-4ED6-AC60-EDA3CBA6B1A2}"
EndProject
Project("{8BC9CEB8-8B4A-11D0-8D11-00A0C91BC942}") = "Account", "Account\Account.vcxproj", "{1B32C3B5-E3F9-45AB-8E6B-1509B8083E07}"
EndProject
Project("{8BC9CEB8-8B4A-11D0-8D11-00A0C91BC942}") = "Random", "Random\Random.vcxproj", "{946B1024-4652-427E-B4BD-B480D1354FC6}"
EndProject
Project("{8BC9CEB8-8B4A-11D0-8D11-00A0C91BC942}") = "Oval", "Oval\Oval.vcxproj", "{70B6BF18-B1BC-4D01-83EB-F2607E8A0C73}"
EndProject
Project("{8BC9CEB8-8B4A-11D0-8D11-00A0C91BC942}") = "Student", "Student\Student.vcxproj", "{52550590-D8E6-48D6-887A-55614B5F6967}"
EndProject
Global
	GlobalSection(SolutionConfigurationPlatforms) = preSolution
		Debug|x64 = Debug|x64
		Debug|x86 = Debug|x86
		Release|x64 = Release|x64
		Release|x86 = Release|x86
	EndGlobalSection
	GlobalSection(ProjectConfigurationPlatforms) = postSolution
		{8ECC6162-4042-4393-9F5E-B53EBCD2027E}.Debug|x64.ActiveCfg = Debug|x64
		{8ECC6162-4042-4393-9F5E-B53EBCD2027E}.Debug|x64.Build.0 = Debug|x64
		{8ECC6162-4042-4393-9F5E-B53EBCD2027E}.Debug|x86.ActiveCfg = Debug|Win32
		{8ECC6162-4042-4393-9F5E-B53EBCD2027E}.Debug|x86.Build.0 = Debug|Win32
		{8ECC6162-4042-4393-9F5E-B53EBCD2027E}.Release|x64.ActiveCfg = Release|x64
		{8ECC6162-4042-4393-9F5E-B53EBCD2027E}.Release|x64.Build.0 = Release|x64
		{8ECC6162-4042-4393-9F5E-B53EBCD2027E}.Release|x86.ActiveCfg = Release|Win32
		{8ECC6162-4042-4393-9F5E-B53EBCD2027E}.Release|x86.Build.0 = Release|Win32
		{6A29DAAA-C882-41EF-BF93-1B2195329764}.Debug|x64.ActiveCfg = Debug|x64
		{6A29DAAA-C882-41EF-BF93-1B2195329764}.Debug|x64.Build.0 = Debug|x64
		{6A29DAAA-C882-41EF-BF93-1B2195329764}.Debug|x86.ActiveCfg = Debug|Win32
		{6A29DAAA-C882-41EF-BF93-1B2195329764}.Debug|x86.Build.0 = Debug|Win32
		{6A29DAAA-C882-41EF-BF93-1B2195329764}.Release|x64.ActiveCfg = Release|x64
		{6A29DAAA-C882-41EF-BF93-1B2195329764}.Release|x64.Build.0 = Release|x64
		{6A29DAAA-C882-41EF-BF93-1B2195329764}.Release|x86.ActiveCfg = Release|Win32
		{6A29DAAA-C882-41EF-BF93-1B2195329764}.Release|x86.Build.0 = Release|Win32
		{C4772AEE-D251-4E14-A94A-CBD2F19E6310}.Debug|x64.ActiveCfg = Debug|x64
		{C4772AEE-D251-4E14-A94A-CBD2F19E6310}.Debug|x64.Build.0 = Debug|x64
		{C4772AEE-D251-4E14-A94A-CBD2F19E6310}.Debug|x86.ActiveCfg = Debug|Win32
		{C4772AEE-D251-4E14-A94A-CBD2F19E6310}.Debug|x86.Build.0 = Debug|Win32
		{C4772AEE-D251-4E14-A94A-CBD2F19E6310}.Release|x64.ActiveCfg = Release|x64
		{C4772AEE-D251-4E14-A94A-CBD2F19E6310}.Release|x64.Build.0 = Release|x64
		{C4772AEE-D251-4E14-A94A-CBD2F19E6310}.Release|x86.ActiveCfg = Release|Win32
		{C4772AEE-D251-4E14-A94A-CBD2F19E6310}.Release|x86.Build.0 = Release|Win32
		{DAAACBAD-1908-4406-889D-44AA4257D51C}.Debug|x64.ActiveCfg = Debug|x64
		{DAAACBAD-1908-4406-889D-44AA4257D51C}.Debug|x64.Build.0 = Debug|x64
		{DAAACBAD-1908-4406-889D-44AA4257D51C}.Debug|x86.ActiveCfg = Debug|Win32
		{DAAACBAD-1908-4406-889D-44AA4257D51C}.Debug|x86.Build.0 = Debug|Win32
		{DAAACBAD-1908-4406-889D-44AA4257D51C}.Release|x64.ActiveCfg = Release|x64
		{DAAACBAD-1908-4406-889D-44AA4257D51C}.Release|x64.Build.0 = Release|x64
		{DAAACBAD-1908-4406-889D-44AA4257D51C}.Release|x86.ActiveCfg = Release|Win32
		{DAAACBAD-1908-4406-889D-44AA4257D51C}.Release|x86.Build.0 = Release|Win32
		{C82B4CB8-084E-4CF1-808D-86358B71FFBB}.Debug|x64.ActiveCfg = Debug|x64
		{C82B4CB8-084E-4CF1-808D-86358B71FFBB}.Debug|x64.Build.0 = Debug|x64
		{C82B4CB8-084E-4CF1-808D-86358B71FFBB}.Debug|x86.ActiveCfg = Debug|Win32
		{C82B4CB8-084E-4CF1-808D-86358B71FFBB}.Debug|x86.Build.0 = Debug|Win32
		{C82B4CB8-084E-4CF1-808D-86358B71FFBB}.Release|x64.ActiveCfg = Release|x64
		{C82B4CB8-084E-4CF1-808D-86358B71FFBB}.Release|x64.Build.0 = Release|x64
		{C82B4CB8-084E-4CF1-808D-86358B71FFBB}.Release|x86.ActiveCfg = Release|Win32
		{C82B4CB8-084E-4CF1-808D-86358B71FFBB}.Release|x86.Build.0 = Release|Win32
		{8FAE0108-6241-400D-843D-DC928CD98491}.Debug|x64.ActiveCfg = Debug|x64
		{8FAE0108-6241-400D-843D-DC928CD98491}.Debug|x64.Build.0 = Debug|x64
		{8FAE0108-6241-400D-843D-DC928CD98491}.Debug|x86.ActiveCfg = Debug|Win32
		{8FAE0108-6241-400D-843D-DC928CD98491}.Debug|x86.Build.0 = Debug|Win32
		{8FAE0108-6241-400D-843D-DC928CD98491}.Release|x64.ActiveCfg = Release|x64
		{8FAE0108-6241-400D-843D-DC928CD98491}.Release|x64.Build.0 = Release|x64
		{8FAE0108-6241-400D-843D-DC928CD98491}.Release|x86.ActiveCfg = Release|Win32
		{8FAE0108-6241-400D-843D-DC928CD98491}.Release|x86.Build.0 = Release|Win32
		{79C125A5-7934-4EAD-889E-E3E5DD013547}.Debug|x64.ActiveCfg = Debug|x64
		{79C125A5-7934-4EAD-889E-E3E5DD013547}.Debug|x64.Build.0 = Debug|x64
		{79C125A5-7934-4EAD-889E-E3E5DD013547}.Debug|x86.ActiveCfg = Debug|Win32
		{79C125A5-7934-4EAD-889E-E3E5DD013547}.Debug|x86.Build.0 = Debug|Win32
		{79C125A5-7934-4EAD-889E-E3E5DD013547}.Release|x64.ActiveCfg = Release|x64
		{79C125A5-7934-4EAD-889E-E3E5DD013547}.Release|x64.Build.0 = Release|x64
		{79C125A5-7934-4EAD-889E-E3E5DD013547}.Release|x86.ActiveCfg = Release|Win32
		{79C125A5-7934-4EAD-889E-E3E5DD013547}.Release|x86.Build.0 = Release|Win32
		{0FE88333-3827-409D-B9E1-97431E19BD0F}.Debug|x64.ActiveCfg = Debug|x64
		{0FE88333-3827-409D-B9E1-97431E19BD0F}.Debug|x64.Build.0 = Debug|x64
		{0FE88333-3827-409D-B9E1-97431E19BD0F}.Debug|x86.ActiveCfg = Debug|Win32
		{0FE88333-3827-409D-B9E1-97431E19BD0F}.Debug|x86.Build.0 = Debug|Win32
		{0FE88333-3827-409D-B9E1-97431E19BD0F}.Release|x64.ActiveCfg = Release|x64
		{0FE88333-3827-409D-B9E1-97431E19BD0F}.Release|x64.Build.0 = Release|x64
		{0FE88333-3827-409D-B9E1-97431E19BD0F}.Release|x86.ActiveCfg = Release|Win32
		{0FE88333-3827-409D-B9E1-97431E19BD0F}.Release|x86.Build.0 = Release|Win32
		{8EA92623-1D8B-4ED6-AC60-EDA3CBA6B1A2}.Debug|x64.ActiveCfg = Debug|x64
		{8EA92623-1D8B-4ED6-AC60-EDA3CBA6B1A2}.Debug|x64.Build.0 = Debug|x64
		{8EA92623-1D8B-4ED6-AC60-EDA3CBA6B1A2}.Debug|x86.ActiveCfg = Debug|Win32
		{8EA92623-1D8B-4ED6-AC60-EDA3CBA6B1A2}.Debug|x86.Build.0 = Debug|Win32
		{8EA92623-1D8B-4ED6-AC60-EDA3CBA6B1A2}.Release|x64.ActiveCfg = Release|x64
		{8EA92623-1D8B-4ED6-AC60-EDA3CBA6B1A2}.Release|x64.Build.0 = Release|x64
		{8EA92623-1D8B-4ED6-AC60-EDA3CBA6B1A2}.Release|x86.ActiveCfg = Release|Win32
		{8EA92623-1D8B-4ED6-AC60-EDA3CBA6B1A2}.Release|x86.Build.0 = Release|Win32
		{1B32C3B5-E3F9-45AB-8E6B-1509B8083E07}.Debug|x64.ActiveCfg = Debug|x64
		{1B32C3B5-E3F9-45AB-8E6B-1509B8083E07}.Debug|x64.Build.0 = Debug|x64
		{1B32C3B5-E3F9-45AB-8E6B-1509B8083E07}.Debug|x86.ActiveCfg = Debug|Win32
		{1B32C3B5-E3F9-45AB-8E6B-1509B8083E07}.Debug|x86.Build.0 = Debug|Win32
		{1B32C3B5-E3F9-45AB-8E6B-1509B8083E07}.Release|x64.ActiveCfg = Release|x64
		{1B32C3B5-E3F9-45AB-8E6B-1509B8083E07}.Release|x64.Build.0 = Release|x64
		{1B32C3B5-E3F9-45AB-8E6B-1509B8083E07}.Release|x86.ActiveCfg = Release|Win32
		{1B32C3B5-E3F9-45AB-8E6B-1509B8083E07}.Release|x86.Build.0 = Release|Win32
		{946B1024-4652-427E-B4BD-B480D1354FC6}.Debug|x64.ActiveCfg = Debug|x64
		{946B1024-4652-427E-B4BD-B480D1354FC6}.Debug|x64.Build.0 = Debug|x64
		{946B1024-4652-427E-B4BD-B480D1354FC6}.Debug|x86.ActiveCfg = Debug|Win32
		{946B1024-4652-427E-B4BD-B480D1354FC6}.Debug|x86.Build.0 = Debug|Win32
		{946B1024-4652-427E-B4BD-B480D1354FC6}.Release|x64.ActiveCfg = Release|x64
		{946B1024-4652-427E-B4BD-B480D1354FC6}.Release|x64.Build.0 = Release|x64
		{946B1024-4652-427E-B4BD-B480D1354FC6}.Release|x86.ActiveCfg = Release|Win32
		{946B1024-4652-427E-B4BD-B480D1354FC6}.Release|x86.Build.0 = Release|Win32
		{70B6BF18-B1BC-4D01-83EB-F2607E8A0C73}.Debug|x64.ActiveCfg = Debug|x64
		{70B6BF18-B1BC-4D01-83EB-F2607E8A0C73}.Debug|x64.Build.0 = Debug|x64
		{70B6BF18-B1BC-4D01-83EB-F2607E8A0C73}.Debug|x86.ActiveCfg = Debug|Win32
		{70B6BF18-B1BC-4D01-83EB-F2607E8A0C73}.Debug|x86.Build.0 = Debug|Win32
		{70B6BF18-B1BC-4D01-83EB-F2607E8A0C73}.Release|x64.ActiveCfg = Release|x64
		{70B6BF18-B1BC-4D01-83EB-F2607E8A0C73}.Release|x64.Build.0 = Release|x64
		{70B6BF18-B1BC-4D01-83EB-F2607E8A0C73}.Release|x86.ActiveCfg = Release|Win32
		{70B6BF18-B1BC-4D01-83EB-F2607E8A0C73}.Release|x86.Build.0 = Release|Win32
		{52550590-D8E6-48D6-887A-55614B5F6967}.Debug|x64.ActiveCfg = Debug|x64
		{52550590-D8E6-48D6-887A-55614B5F6967}.Debug|x64.Build.0 = Debug|x64
		{52550590-D8E6-48D6-887A-55614B5F6967}.Debug|x86.ActiveCfg = Debug|Win32
		{52550590-D8E6-48D6-887A-55614B5F6967}.Debug|x86.Build.0 = Debug|Win32
		{52550590-D8E6-48D6-887A-55614B5F6967}.Release|x64.ActiveCfg = Release|x64
		{52550590-D8E6-48D6-887A-55614B5F6967}.Release|x64.Build.0 = Release|x64
		{52550590-D8E6-48D6-887A-55614B5F6967}.Release|x86.ActiveCfg = Release|Win32
		{52550590-D8E6-48D6-887A-55614B5F6967}.Release|x86.Build.0 = Release|Win32
	EndGlobalSection
	GlobalSection(SolutionProperties) = preSolution
		HideSolutionNode = FALSE
	EndGlobalSection
	GlobalSection(ExtensibilityGlobals) = postSolution
		SolutionGuid = {E54024B2-7875-4C7E-8D7E-0207C717F37F}
	EndGlobalSection
EndGlobal
