
Microsoft Visual Studio Solution File, Format Version 12.00
# Visual Studio Version 17
VisualStudioVersion = 17.13.35931.197
MinimumVisualStudioVersion = 10.0.40219.1
Project("{8BC9CEB8-8B4A-11D0-8D11-00A0C91BC942}") = "ex5-1", "ex5-1\ex5-1.vcxproj", "{5FD23402-6370-434E-92B7-07912B5DB251}"
EndProject
Project("{8BC9CEB8-8B4A-11D0-8D11-00A0C91BC942}") = "ex5-4", "ex5-4\ex5-4.vcxproj", "{338F0120-989C-4BD7-A1A3-210B447E021C}"
EndProject
Project("{8BC9CEB8-8B4A-11D0-8D11-00A0C91BC942}") = "ex5-5", "ex5-5\ex5-5.vcxproj", "{0AC4D2A4-F029-44E0-ADCD-A4A162112CF6}"
EndProject
Project("{8BC9CEB8-8B4A-11D0-8D11-00A0C91BC942}") = "ex5-9", "ex5-9\ex5-9.vcxproj", "{856EFA6D-B310-4316-9660-3517074A446E}"
EndProject
Project("{8BC9CEB8-8B4A-11D0-8D11-00A0C91BC942}") = "Circle", "Circle\Circle.vcxproj", "{D61C5FA8-397B-44D5-A125-40ED5FB1DAD5}"
EndProject
Project("{8BC9CEB8-8B4A-11D0-8D11-00A0C91BC942}") = "Person", "Person\Person.vcxproj", "{7273AB2A-32C2-45A1-BDE1-8E429DE29833}"
EndProject
Project("{8BC9CEB8-8B4A-11D0-8D11-00A0C91BC942}") = "p5-1", "p5-1\p5-1.vcxproj", "{F8DAF6A6-49E1-4C69-9E21-A4492C8E9FBC}"
EndProject
Project("{8BC9CEB8-8B4A-11D0-8D11-00A0C91BC942}") = "p5-2", "p5-2\p5-2.vcxproj", "{9C49DA7F-99B5-4273-B9EE-8F8378733001}"
EndProject
Project("{8BC9CEB8-8B4A-11D0-8D11-00A0C91BC942}") = "p5-11", "p5-11\p5-11.vcxproj", "{3CDB9C27-EB6E-4D9C-B3E7-54E7F4595C0F}"
EndProject
Project("{8BC9CEB8-8B4A-11D0-8D11-00A0C91BC942}") = "Stack", "Stack\Stack.vcxproj", "{93543F02-D9D6-4E59-86C6-EC0E8F6B57F1}"
EndProject
Project("{8BC9CEB8-8B4A-11D0-8D11-00A0C91BC942}") = "Stack1", "Stack1\Stack1.vcxproj", "{8BCDC878-2149-43C2-869B-1271619BF730}"
EndProject
Project("{8BC9CEB8-8B4A-11D0-8D11-00A0C91BC942}") = "Dept", "Dept\Dept.vcxproj", "{ADA38337-63F4-4EDE-9960-A33EAFBF0F08}"
EndProject
Global
	GlobalSection(SolutionConfigurationPlatforms) = preSolution
		Debug|x64 = Debug|x64
		Debug|x86 = Debug|x86
		Release|x64 = Release|x64
		Release|x86 = Release|x86
	EndGlobalSection
	GlobalSection(ProjectConfigurationPlatforms) = postSolution
		{5FD23402-6370-434E-92B7-07912B5DB251}.Debug|x64.ActiveCfg = Debug|x64
		{5FD23402-6370-434E-92B7-07912B5DB251}.Debug|x64.Build.0 = Debug|x64
		{5FD23402-6370-434E-92B7-07912B5DB251}.Debug|x86.ActiveCfg = Debug|Win32
		{5FD23402-6370-434E-92B7-07912B5DB251}.Debug|x86.Build.0 = Debug|Win32
		{5FD23402-6370-434E-92B7-07912B5DB251}.Release|x64.ActiveCfg = Release|x64
		{5FD23402-6370-434E-92B7-07912B5DB251}.Release|x64.Build.0 = Release|x64
		{5FD23402-6370-434E-92B7-07912B5DB251}.Release|x86.ActiveCfg = Release|Win32
		{5FD23402-6370-434E-92B7-07912B5DB251}.Release|x86.Build.0 = Release|Win32
		{338F0120-989C-4BD7-A1A3-210B447E021C}.Debug|x64.ActiveCfg = Debug|x64
		{338F0120-989C-4BD7-A1A3-210B447E021C}.Debug|x64.Build.0 = Debug|x64
		{338F0120-989C-4BD7-A1A3-210B447E021C}.Debug|x86.ActiveCfg = Debug|Win32
		{338F0120-989C-4BD7-A1A3-210B447E021C}.Debug|x86.Build.0 = Debug|Win32
		{338F0120-989C-4BD7-A1A3-210B447E021C}.Release|x64.ActiveCfg = Release|x64
		{338F0120-989C-4BD7-A1A3-210B447E021C}.Release|x64.Build.0 = Release|x64
		{338F0120-989C-4BD7-A1A3-210B447E021C}.Release|x86.ActiveCfg = Release|Win32
		{338F0120-989C-4BD7-A1A3-210B447E021C}.Release|x86.Build.0 = Release|Win32
		{0AC4D2A4-F029-44E0-ADCD-A4A162112CF6}.Debug|x64.ActiveCfg = Debug|x64
		{0AC4D2A4-F029-44E0-ADCD-A4A162112CF6}.Debug|x64.Build.0 = Debug|x64
		{0AC4D2A4-F029-44E0-ADCD-A4A162112CF6}.Debug|x86.ActiveCfg = Debug|Win32
		{0AC4D2A4-F029-44E0-ADCD-A4A162112CF6}.Debug|x86.Build.0 = Debug|Win32
		{0AC4D2A4-F029-44E0-ADCD-A4A162112CF6}.Release|x64.ActiveCfg = Release|x64
		{0AC4D2A4-F029-44E0-ADCD-A4A162112CF6}.Release|x64.Build.0 = Release|x64
		{0AC4D2A4-F029-44E0-ADCD-A4A162112CF6}.Release|x86.ActiveCfg = Release|Win32
		{0AC4D2A4-F029-44E0-ADCD-A4A162112CF6}.Release|x86.Build.0 = Release|Win32
		{856EFA6D-B310-4316-9660-3517074A446E}.Debug|x64.ActiveCfg = Debug|x64
		{856EFA6D-B310-4316-9660-3517074A446E}.Debug|x64.Build.0 = Debug|x64
		{856EFA6D-B310-4316-9660-3517074A446E}.Debug|x86.ActiveCfg = Debug|Win32
		{856EFA6D-B310-4316-9660-3517074A446E}.Debug|x86.Build.0 = Debug|Win32
		{856EFA6D-B310-4316-9660-3517074A446E}.Release|x64.ActiveCfg = Release|x64
		{856EFA6D-B310-4316-9660-3517074A446E}.Release|x64.Build.0 = Release|x64
		{856EFA6D-B310-4316-9660-3517074A446E}.Release|x86.ActiveCfg = Release|Win32
		{856EFA6D-B310-4316-9660-3517074A446E}.Release|x86.Build.0 = Release|Win32
		{D61C5FA8-397B-44D5-A125-40ED5FB1DAD5}.Debug|x64.ActiveCfg = Debug|x64
		{D61C5FA8-397B-44D5-A125-40ED5FB1DAD5}.Debug|x64.Build.0 = Debug|x64
		{D61C5FA8-397B-44D5-A125-40ED5FB1DAD5}.Debug|x86.ActiveCfg = Debug|Win32
		{D61C5FA8-397B-44D5-A125-40ED5FB1DAD5}.Debug|x86.Build.0 = Debug|Win32
		{D61C5FA8-397B-44D5-A125-40ED5FB1DAD5}.Release|x64.ActiveCfg = Release|x64
		{D61C5FA8-397B-44D5-A125-40ED5FB1DAD5}.Release|x64.Build.0 = Release|x64
		{D61C5FA8-397B-44D5-A125-40ED5FB1DAD5}.Release|x86.ActiveCfg = Release|Win32
		{D61C5FA8-397B-44D5-A125-40ED5FB1DAD5}.Release|x86.Build.0 = Release|Win32
		{7273AB2A-32C2-45A1-BDE1-8E429DE29833}.Debug|x64.ActiveCfg = Debug|x64
		{7273AB2A-32C2-45A1-BDE1-8E429DE29833}.Debug|x64.Build.0 = Debug|x64
		{7273AB2A-32C2-45A1-BDE1-8E429DE29833}.Debug|x86.ActiveCfg = Debug|Win32
		{7273AB2A-32C2-45A1-BDE1-8E429DE29833}.Debug|x86.Build.0 = Debug|Win32
		{7273AB2A-32C2-45A1-BDE1-8E429DE29833}.Release|x64.ActiveCfg = Release|x64
		{7273AB2A-32C2-45A1-BDE1-8E429DE29833}.Release|x64.Build.0 = Release|x64
		{7273AB2A-32C2-45A1-BDE1-8E429DE29833}.Release|x86.ActiveCfg = Release|Win32
		{7273AB2A-32C2-45A1-BDE1-8E429DE29833}.Release|x86.Build.0 = Release|Win32
		{F8DAF6A6-49E1-4C69-9E21-A4492C8E9FBC}.Debug|x64.ActiveCfg = Debug|x64
		{F8DAF6A6-49E1-4C69-9E21-A4492C8E9FBC}.Debug|x64.Build.0 = Debug|x64
		{F8DAF6A6-49E1-4C69-9E21-A4492C8E9FBC}.Debug|x86.ActiveCfg = Debug|Win32
		{F8DAF6A6-49E1-4C69-9E21-A4492C8E9FBC}.Debug|x86.Build.0 = Debug|Win32
		{F8DAF6A6-49E1-4C69-9E21-A4492C8E9FBC}.Release|x64.ActiveCfg = Release|x64
		{F8DAF6A6-49E1-4C69-9E21-A4492C8E9FBC}.Release|x64.Build.0 = Release|x64
		{F8DAF6A6-49E1-4C69-9E21-A4492C8E9FBC}.Release|x86.ActiveCfg = Release|Win32
		{F8DAF6A6-49E1-4C69-9E21-A4492C8E9FBC}.Release|x86.Build.0 = Release|Win32
		{9C49DA7F-99B5-4273-B9EE-8F8378733001}.Debug|x64.ActiveCfg = Debug|x64
		{9C49DA7F-99B5-4273-B9EE-8F8378733001}.Debug|x64.Build.0 = Debug|x64
		{9C49DA7F-99B5-4273-B9EE-8F8378733001}.Debug|x86.ActiveCfg = Debug|Win32
		{9C49DA7F-99B5-4273-B9EE-8F8378733001}.Debug|x86.Build.0 = Debug|Win32
		{9C49DA7F-99B5-4273-B9EE-8F8378733001}.Release|x64.ActiveCfg = Release|x64
		{9C49DA7F-99B5-4273-B9EE-8F8378733001}.Release|x64.Build.0 = Release|x64
		{9C49DA7F-99B5-4273-B9EE-8F8378733001}.Release|x86.ActiveCfg = Release|Win32
		{9C49DA7F-99B5-4273-B9EE-8F8378733001}.Release|x86.Build.0 = Release|Win32
		{3CDB9C27-EB6E-4D9C-B3E7-54E7F4595C0F}.Debug|x64.ActiveCfg = Debug|x64
		{3CDB9C27-EB6E-4D9C-B3E7-54E7F4595C0F}.Debug|x64.Build.0 = Debug|x64
		{3CDB9C27-EB6E-4D9C-B3E7-54E7F4595C0F}.Debug|x86.ActiveCfg = Debug|Win32
		{3CDB9C27-EB6E-4D9C-B3E7-54E7F4595C0F}.Debug|x86.Build.0 = Debug|Win32
		{3CDB9C27-EB6E-4D9C-B3E7-54E7F4595C0F}.Release|x64.ActiveCfg = Release|x64
		{3CDB9C27-EB6E-4D9C-B3E7-54E7F4595C0F}.Release|x64.Build.0 = Release|x64
		{3CDB9C27-EB6E-4D9C-B3E7-54E7F4595C0F}.Release|x86.ActiveCfg = Release|Win32
		{3CDB9C27-EB6E-4D9C-B3E7-54E7F4595C0F}.Release|x86.Build.0 = Release|Win32
		{93543F02-D9D6-4E59-86C6-EC0E8F6B57F1}.Debug|x64.ActiveCfg = Debug|x64
		{93543F02-D9D6-4E59-86C6-EC0E8F6B57F1}.Debug|x64.Build.0 = Debug|x64
		{93543F02-D9D6-4E59-86C6-EC0E8F6B57F1}.Debug|x86.ActiveCfg = Debug|Win32
		{93543F02-D9D6-4E59-86C6-EC0E8F6B57F1}.Debug|x86.Build.0 = Debug|Win32
		{93543F02-D9D6-4E59-86C6-EC0E8F6B57F1}.Release|x64.ActiveCfg = Release|x64
		{93543F02-D9D6-4E59-86C6-EC0E8F6B57F1}.Release|x64.Build.0 = Release|x64
		{93543F02-D9D6-4E59-86C6-EC0E8F6B57F1}.Release|x86.ActiveCfg = Release|Win32
		{93543F02-D9D6-4E59-86C6-EC0E8F6B57F1}.Release|x86.Build.0 = Release|Win32
		{8BCDC878-2149-43C2-869B-1271619BF730}.Debug|x64.ActiveCfg = Debug|x64
		{8BCDC878-2149-43C2-869B-1271619BF730}.Debug|x64.Build.0 = Debug|x64
		{8BCDC878-2149-43C2-869B-1271619BF730}.Debug|x86.ActiveCfg = Debug|Win32
		{8BCDC878-2149-43C2-869B-1271619BF730}.Debug|x86.Build.0 = Debug|Win32
		{8BCDC878-2149-43C2-869B-1271619BF730}.Release|x64.ActiveCfg = Release|x64
		{8BCDC878-2149-43C2-869B-1271619BF730}.Release|x64.Build.0 = Release|x64
		{8BCDC878-2149-43C2-869B-1271619BF730}.Release|x86.ActiveCfg = Release|Win32
		{8BCDC878-2149-43C2-869B-1271619BF730}.Release|x86.Build.0 = Release|Win32
		{ADA38337-63F4-4EDE-9960-A33EAFBF0F08}.Debug|x64.ActiveCfg = Debug|x64
		{ADA38337-63F4-4EDE-9960-A33EAFBF0F08}.Debug|x64.Build.0 = Debug|x64
		{ADA38337-63F4-4EDE-9960-A33EAFBF0F08}.Debug|x86.ActiveCfg = Debug|Win32
		{ADA38337-63F4-4EDE-9960-A33EAFBF0F08}.Debug|x86.Build.0 = Debug|Win32
		{ADA38337-63F4-4EDE-9960-A33EAFBF0F08}.Release|x64.ActiveCfg = Release|x64
		{ADA38337-63F4-4EDE-9960-A33EAFBF0F08}.Release|x64.Build.0 = Release|x64
		{ADA38337-63F4-4EDE-9960-A33EAFBF0F08}.Release|x86.ActiveCfg = Release|Win32
		{ADA38337-63F4-4EDE-9960-A33EAFBF0F08}.Release|x86.Build.0 = Release|Win32
	EndGlobalSection
	GlobalSection(SolutionProperties) = preSolution
		HideSolutionNode = FALSE
	EndGlobalSection
	GlobalSection(ExtensibilityGlobals) = postSolution
		SolutionGuid = {13EE9F47-5A8C-4B33-809A-E0BCCA8D1EAB}
	EndGlobalSection
EndGlobal
